{
  "name": "action-mat-button",
  "version": "0.0.1",
  "lockfileVersion": 1,
  "requires": true,
  "dependencies": {
    "nvbtn": {
      "version": "1.0.7",
      "resolved": "https://registry.npmjs.org/nvbtn/-/nvbtn-1.0.7.tgz",
      "integrity": "sha512-HSPQLD7Uk+b3rhqe0RI/Gx0WFZTGeJOsyWIs4qBuiecCyNoFlkUNT82ewSRfVZBuUAiJgfGjw+egD+hgVx+e5Q=="
    }
  }
}
